github.com/Pois-Noir/Ren v0.0.0-20250604210733-3476632c1d0f h1:Od5MKlWMCiT4ZFoWBva4RVxftkTQ1cuC6ZFwtNsmmGE=
github.com/Pois-Noir/Ren v0.0.0-20250604210733-3476632c1d0f/go.mod h1:4QXw+ta16kF6D16owzkX0DGE9wTR2U6NK27wObdRbsE=
github.com/Pois-Noir/Ren v0.0.0-20250604213255-d21ae60bda1b h1:Q34c+KwpZIkciknIWO2/a6cswiGIUgEUxgIr8tDarxA=
github.com/Pois-Noir/Ren v0.0.0-20250604213255-d21ae60bda1b/go.mod h1:4QXw+ta16kF6D16owzkX0DGE9wTR2U6NK27wObdRbsE=
github.com/Pois-Noir/Ren v0.0.0-20250604215632-2119cd8e88a3 h1:xrtYOm89GfSjESwC819JVBNhOBen463pCghxkBqRbko=
github.com/Pois-Noir/Ren v0.0.0-20250604215632-2119cd8e88a3/go.mod h1:4QXw+ta16kF6D16owzkX0DGE9wTR2U6NK27wObdRbsE=
